# This file is automatically @generated by Cargo.
# It is not intended for manual editing.
version = 4

[[package]]
name = "adler2"
version = "2.0.1"
source = "registry+https://github.com/rust-lang/crates.io-index"
checksum = "320119579fcad9c21884f5c4861d16174d0e06250625266f50fe6898340abefa"

[[package]]
name = "allocator-api2"
version = "0.2.21"
source = "registry+https://github.com/rust-lang/crates.io-index"
checksum = "683d7910e743518b0e34f1186f92494becacb047c7b6bf616c96772180fef923"

[[package]]
name = "arrayref"
version = "0.3.9"
source = "registry+https://github.com/rust-lang/crates.io-index"
checksum = "76a2e8124351fda1ef8aaaa3bbd7ebbcb486bbcd4225aca0aa0d84bb2db8fecb"

[[package]]
name = "arrayvec"
version = "0.7.6"
source = "registry+https://github.com/rust-lang/crates.io-index"
checksum = "7c02d123df017efcdfbd739ef81735b36c5ba83ec3c59c80a9d7ecc718f92e50"

[[package]]
name = "async-trait"
version = "0.1.89"
source = "registry+https://github.com/rust-lang/crates.io-index"
checksum = "9035ad2d096bed7955a320ee7e2230574d28fd3c3a0f186cbea1ff3c7eed5dbb"
dependencies = [
 "proc-macro2",
 "quote",
 "syn",
]

[[package]]
name = "bitflags"
version = "2.11.1"
source = "registry+https://github.com/rust-lang/crates.io-index"
checksum = "c4512299f36f043ab09a583e57bceb5a5aab7a73db1805848e8fef3c9e8c78b3"

[[package]]
name = "blake3"
version = "1.5.5"
source = "registry+https://github.com/rust-lang/crates.io-index"
checksum = "b8ee0c1824c4dea5b5f81736aff91bae041d2c07ee1192bec91054e10e3e601e"
dependencies = [
 "arrayref",
 "arrayvec",
 "cc",
 "cfg-if",
 "constant_time_eq",
]

[[package]]
name = "block-buffer"
version = "0.10.4"
source = "registry+https://github.com/rust-lang/crates.io-index"
checksum = "3078c7629b62d3f0439517fa394996acacc5cbc91c5a20d8c658e77abd503a71"
dependencies = [
 "generic-array",
]

[[package]]
name = "bumpalo"
version = "3.20.3"
source = "registry+https://github.com/rust-lang/crates.io-index"
checksum = "72f5acc6cb2ba439de613abc23857ec3d78374d8ed5ac84e9d11336e87da8649"

[[package]]
name = "bytemuck"
version = "1.25.0"
source = "registry+https://github.com/rust-lang/crates.io-index"
checksum = "c8efb64bd706a16a1bdde310ae86b351e4d21550d98d056f22f8a7f7a2183fec"
dependencies = [
 "bytemuck_derive",
]

[[package]]
name = "bytemuck_derive"
version = "1.10.2"
source = "registry+https://github.com/rust-lang/crates.io-index"
checksum = "f9abbd1bc6865053c427f7198e6af43bfdedc55ab791faed4fbd361d789575ff"
dependencies = [
 "proc-macro2",
 "quote",
 "syn",
]

[[package]]
name = "cc"
version = "1.2.63"
source = "registry+https://github.com/rust-lang/crates.io-index"
checksum = "556e016178bb5662a08681bbe0f00f8e17631781a4dfc8c45e466e4b185ec27f"
dependencies = [
 "find-msvc-tools",
 "shlex",
]

[[package]]
name = "cfg-if"
version = "1.0.4"
source = "registry+https://github.com/rust-lang/crates.io-index"
checksum = "9330f8b2ff13f34540b44e946ef35111825727b38d33286ef986142615121801"

[[package]]
name = "constant_time_eq"
version = "0.3.1"
source = "registry+https://github.com/rust-lang/crates.io-index"
checksum = "7c74b8349d32d297c9134b8c88677813a227df8f779daa29bfc29c183fe3dca6"

[[package]]
name = "cpufeatures"
version = "0.2.17"
source = "registry+https://github.com/rust-lang/crates.io-index"
checksum = "59ed5838eebb26a2bb2e58f6d5b5316989ae9d08bab10e0e6d103e656d1b0280"
dependencies = [
 "libc",
]

[[package]]
name = "crypto-common"
version = "0.1.7"
source = "registry+https://github.com/rust-lang/crates.io-index"
checksum = "78c8292055d1c1df0cce5d180393dc8cce0abec0a7102adb6c7b1eef6016d60a"
dependencies = [
 "generic-array",
 "typenum",
]

[[package]]
name = "digest"
version = "0.10.7"
source = "registry+https://github.com/rust-lang/crates.io-index"
checksum = "9ed9a281f7bc9b7576e61468ba615a66a5c8cfdff42420a70aa82701a3b1e292"
dependencies = [
 "block-buffer",
 "crypto-common",
]

[[package]]
name = "equivalent"
version = "1.0.2"
source = "registry+https://github.com/rust-lang/crates.io-index"
checksum = "877a4ace8713b0bcf2a4e7eec82529c029f1d0619886d18145fea96c3ffe5c0f"

[[package]]
name = "find-msvc-tools"
version = "0.1.9"
source = "registry+https://github.com/rust-lang/crates.io-index"
checksum = "5baebc0774151f905a1a2cc41989300b1e6fbb29aff0ceffa1064fdd3088d582"

[[package]]
name = "foldhash"
version = "0.1.5"
source = "registry+https://github.com/rust-lang/crates.io-index"
checksum = "d9c4f5dac5e15c24eb999c26181a6ca40b39fe946cbe4c263c7209467bc83af2"

[[package]]
name = "futures-core"
version = "0.3.32"
source = "registry+https://github.com/rust-lang/crates.io-index"
checksum = "7e3450815272ef58cec6d564423f6e755e25379b217b0bc688e295ba24df6b1d"

[[package]]
name = "futures-task"
version = "0.3.32"
source = "registry+https://github.com/rust-lang/crates.io-index"
checksum = "037711b3d59c33004d3856fbdc83b99d4ff37a24768fa1be9ce3538a1cde4393"

[[package]]
name = "futures-util"
version = "0.3.32"
source = "registry+https://github.com/rust-lang/crates.io-index"
checksum = "389ca41296e6190b48053de0321d02a77f32f8a5d2461dd38762c0593805c6d6"
dependencies = [
 "futures-core",
 "futures-task",
 "pin-project-lite",
 "slab",
]

[[package]]
name = "generic-array"
version = "0.14.7"
source = "registry+https://github.com/rust-lang/crates.io-index"
checksum = "85649ca51fd72272d7821adaf274ad91c288277713d9c18820d8499a7ff69e9a"
dependencies = [
 "typenum",
 "version_check",
]

[[package]]
name = "hashbrown"
version = "0.15.5"
source = "registry+https://github.com/rust-lang/crates.io-index"
checksum = "9229cfe53dfd69f0609a49f65461bd93001ea1ef889cd5529dd176593f5338a1"
dependencies = [
 "allocator-api2",
 "equivalent",
 "foldhash",
 "serde",
]

[[package]]
name = "hashbrown"
version = "0.17.1"
source = "registry+https://github.com/rust-lang/crates.io-index"
checksum = "ed5909b6e89a2db4456e54cd5f673791d7eca6732202bbf2a9cc504fe2f9b84a"

[[package]]
name = "hologram-archive"
version = "0.6.0"
source = "git+https://github.com/Hologram-Technologies/hologram?rev=18f553d8578997ce32e7b653786a0bcf9b09a2c0#18f553d8578997ce32e7b653786a0bcf9b09a2c0"
dependencies = [
 "bytemuck",
 "hashbrown 0.15.5",
 "hologram-backend",
 "hologram-graph",
 "hologram-host",
 "memmap2",
 "smallvec",
 "thiserror",
 "uor-addr",
 "uor-foundation",
 "uor-foundation-sdk",
 "uor-prism",
]

[[package]]
name = "hologram-backend"
version = "0.6.0"
source = "git+https://github.com/Hologram-Technologies/hologram?rev=18f553d8578997ce32e7b653786a0bcf9b09a2c0#18f553d8578997ce32e7b653786a0bcf9b09a2c0"
dependencies = [
 "bytemuck",
 "hologram-host",
 "hologram-ops",
 "hologram-types",
 "libm",
 "smallvec",
 "thiserror",
 "uor-foundation",
 "uor-foundation-sdk",
 "uor-prism",
 "uor-prism-tensor",
]

[[package]]
name = "hologram-bare-hal"
version = "0.6.0"
source = "git+https://github.com/Hologram-Technologies/hologram?rev=18f553d8578997ce32e7b653786a0bcf9b09a2c0#18f553d8578997ce32e7b653786a0bcf9b09a2c0"
dependencies = [
 "async-trait",
 "spin",
]

[[package]]
name = "hologram-exec"
version = "0.6.0"
source = "git+https://github.com/Hologram-Technologies/hologram?rev=18f553d8578997ce32e7b653786a0bcf9b09a2c0#18f553d8578997ce32e7b653786a0bcf9b09a2c0"
dependencies = [
 "hashbrown 0.15.5",
 "hologram-archive",
 "hologram-backend",
 "hologram-graph",
 "hologram-host",
 "hologram-ops",
 "hologram-types",
 "smallvec",
 "thiserror",
 "uor-foundation",
 "uor-prism",
]

[[package]]
name = "hologram-graph"
version = "0.6.0"
source = "git+https://github.com/Hologram-Technologies/hologram?rev=18f553d8578997ce32e7b653786a0bcf9b09a2c0#18f553d8578997ce32e7b653786a0bcf9b09a2c0"
dependencies = [
 "hologram-ops",
 "hologram-types",
 "libm",
 "smallvec",
]

[[package]]
name = "hologram-host"
version = "0.6.0"
source = "git+https://github.com/Hologram-Technologies/hologram?rev=18f553d8578997ce32e7b653786a0bcf9b09a2c0#18f553d8578997ce32e7b653786a0bcf9b09a2c0"
dependencies = [
 "uor-foundation",
 "uor-foundation-sdk",
 "uor-prism",
]

[[package]]
name = "hologram-net-bare"
version = "0.6.0"
source = "git+https://github.com/Hologram-Technologies/hologram?rev=18f553d8578997ce32e7b653786a0bcf9b09a2c0#18f553d8578997ce32e7b653786a0bcf9b09a2c0"
dependencies = [
 "async-trait",
 "hashbrown 0.15.5",
 "hologram-bare-hal",
 "hologram-substrate-core",
 "spin",
]

[[package]]
name = "hologram-ops"
version = "0.6.0"
source = "git+https://github.com/Hologram-Technologies/hologram?rev=18f553d8578997ce32e7b653786a0bcf9b09a2c0#18f553d8578997ce32e7b653786a0bcf9b09a2c0"
dependencies = [
 "hologram-host",
 "hologram-types",
 "libm",
 "uor-foundation",
 "uor-foundation-sdk",
 "uor-prism",
]

[[package]]
name = "hologram-realizations"
version = "0.6.0"
source = "git+https://github.com/Hologram-Technologies/hologram?rev=18f553d8578997ce32e7b653786a0bcf9b09a2c0#18f553d8578997ce32e7b653786a0bcf9b09a2c0"
dependencies = [
 "hologram-substrate-core",
]

[[package]]
name = "hologram-runtime"
version = "0.6.0"
source = "git+https://github.com/Hologram-Technologies/hologram?rev=18f553d8578997ce32e7b653786a0bcf9b09a2c0#18f553d8578997ce32e7b653786a0bcf9b09a2c0"
dependencies = [
 "async-trait",
 "hashbrown 0.15.5",
 "hologram-realizations",
 "hologram-substrate-core",
 "spin",
]

[[package]]
name = "hologram-runtime-bare"
version = "0.6.0"
source = "git+https://github.com/Hologram-Technologies/hologram?rev=18f553d8578997ce32e7b653786a0bcf9b09a2c0#18f553d8578997ce32e7b653786a0bcf9b09a2c0"
dependencies = [
 "hashbrown 0.15.5",
 "hologram-runtime",
 "hologram-substrate-core",
 "spin",
 "wasmi",
]

[[package]]
name = "hologram-store-mem"
version = "0.6.0"
source = "git+https://github.com/Hologram-Technologies/hologram?rev=18f553d8578997ce32e7b653786a0bcf9b09a2c0#18f553d8578997ce32e7b653786a0bcf9b09a2c0"
dependencies = [
 "hashbrown 0.15.5",
 "hologram-substrate-core",
 "spin",
]

[[package]]
name = "hologram-substrate-core"
version = "0.6.0"
source = "git+https://github.com/Hologram-Technologies/hologram?rev=18f553d8578997ce32e7b653786a0bcf9b09a2c0#18f553d8578997ce32e7b653786a0bcf9b09a2c0"
dependencies = [
 "async-trait",
 "hashbrown 0.15.5",
 "hologram-host",
 "uor-addr",
]

[[package]]
name = "hologram-types"
version = "0.6.0"
source = "git+https://github.com/Hologram-Technologies/hologram?rev=18f553d8578997ce32e7b653786a0bcf9b09a2c0#18f553d8578997ce32e7b653786a0bcf9b09a2c0"
dependencies = [
 "hologram-host",
 "uor-foundation",
 "uor-prism",
]

[[package]]
name = "holospaces"
version = "0.0.0"
dependencies = [
 "async-trait",
 "hologram-backend",
 "hologram-bare-hal",
 "hologram-exec",
 "hologram-net-bare",
 "hologram-realizations",
 "hologram-store-mem",
 "hologram-substrate-core",
 "libm",
 "miniz_oxide",
 "ruzstd",
 "serde_json",
 "spin",
 "wasmparser 0.221.3",
]

[[package]]
name = "holospaces-web"
version = "0.0.0"
dependencies = [
 "hologram-runtime",
 "hologram-runtime-bare",
 "hologram-store-mem",
 "hologram-substrate-core",
 "holospaces",
 "js-sys",
 "serde_json",
 "wasm-bindgen",
 "wasm-bindgen-futures",
 "web-sys",
]

[[package]]
name = "indexmap"
version = "2.14.0"
source = "registry+https://github.com/rust-lang/crates.io-index"
checksum = "d466e9454f08e4a911e14806c24e16fba1b4c121d1ea474396f396069cf949d9"
dependencies = [
 "equivalent",
 "hashbrown 0.17.1",
 "serde",
 "serde_core",
]

[[package]]
name = "itoa"
version = "1.0.18"
source = "registry+https://github.com/rust-lang/crates.io-index"
checksum = "8f42a60cbdf9a97f5d2305f08a87dc4e09308d1276d28c869c684d7777685682"

[[package]]
name = "js-sys"
version = "0.3.99"
source = "registry+https://github.com/rust-lang/crates.io-index"
checksum = "142bc4740e452c1e57ade0cbc129f139c9093e354346f0872ef985f4f5cf5f11"
dependencies = [
 "cfg-if",
 "futures-util",
 "once_cell",
 "wasm-bindgen",
]

[[package]]
name = "keccak"
version = "0.1.6"
source = "registry+https://github.com/rust-lang/crates.io-index"
checksum = "cb26cec98cce3a3d96cbb7bced3c4b16e3d13f27ec56dbd62cbc8f39cfb9d653"
dependencies = [
 "cpufeatures",
]

[[package]]
name = "libc"
version = "0.2.186"
source = "registry+https://github.com/rust-lang/crates.io-index"
checksum = "68ab91017fe16c622486840e4c83c9a37afeff978bd239b5293d61ece587de66"

[[package]]
name = "libm"
version = "0.2.16"
source = "registry+https://github.com/rust-lang/crates.io-index"
checksum = "b6d2cec3eae94f9f509c767b45932f1ada8350c4bdb85af2fcab4a3c14807981"

[[package]]
name = "memchr"
version = "2.8.1"
source = "registry+https://github.com/rust-lang/crates.io-index"
checksum = "6b947ae49db0d222b1dbc6b113ce7248a3fc3a6ca21b696717bfc000ba4484d8"

[[package]]
name = "memmap2"
version = "0.9.10"
source = "registry+https://github.com/rust-lang/crates.io-index"
checksum = "714098028fe011992e1c3962653c96b2d578c4b4bce9036e15ff220319b1e0e3"
dependencies = [
 "libc",
]

[[package]]
name = "miniz_oxide"
version = "0.8.9"
source = "registry+https://github.com/rust-lang/crates.io-index"
checksum = "1fa76a2c86f704bdb222d66965fb3d63269ce38518b83cb0575fca855ebb6316"
dependencies = [
 "adler2",
]

[[package]]
name = "once_cell"
version = "1.21.4"
source = "registry+https://github.com/rust-lang/crates.io-index"
checksum = "9f7c3e4beb33f85d45ae3e3a1792185706c8e16d043238c593331cc7cd313b50"

[[package]]
name = "pin-project-lite"
version = "0.2.17"
source = "registry+https://github.com/rust-lang/crates.io-index"
checksum = "a89322df9ebe1c1578d689c92318e070967d1042b512afbe49518723f4e6d5cd"

[[package]]
name = "proc-macro2"
version = "1.0.106"
source = "registry+https://github.com/rust-lang/crates.io-index"
checksum = "8fd00f0bb2e90d81d1044c2b32617f68fcb9fa3bb7640c23e9c748e53fb30934"
dependencies = [
 "unicode-ident",
]

[[package]]
name = "quote"
version = "1.0.45"
source = "registry+https://github.com/rust-lang/crates.io-index"
checksum = "41f2619966050689382d2b44f664f4bc593e129785a36d6ee376ddf37259b924"
dependencies = [
 "proc-macro2",
]

[[package]]
name = "rustversion"
version = "1.0.22"
source = "registry+https://github.com/rust-lang/crates.io-index"
checksum = "b39cdef0fa800fc44525c84ccb54a029961a8215f9619753635a9c0d2538d46d"

[[package]]
name = "ruzstd"
version = "0.7.3"
source = "registry+https://github.com/rust-lang/crates.io-index"
checksum = "fad02996bfc73da3e301efe90b1837be9ed8f4a462b6ed410aa35d00381de89f"
dependencies = [
 "twox-hash",
]

[[package]]
name = "ryu"
version = "1.0.23"
source = "registry+https://github.com/rust-lang/crates.io-index"
checksum = "9774ba4a74de5f7b1c1451ed6cd5285a32eddb5cccb8cc655a4e50009e06477f"

[[package]]
name = "semver"
version = "1.0.28"
source = "registry+https://github.com/rust-lang/crates.io-index"
checksum = "8a7852d02fc848982e0c167ef163aaff9cd91dc640ba85e263cb1ce46fae51cd"

[[package]]
name = "serde"
version = "1.0.228"
source = "registry+https://github.com/rust-lang/crates.io-index"
checksum = "9a8e94ea7f378bd32cbbd37198a4a91436180c5bb472411e48b5ec2e2124ae9e"
dependencies = [
 "serde_core",
]

[[package]]
name = "serde_core"
version = "1.0.228"
source = "registry+https://github.com/rust-lang/crates.io-index"
checksum = "41d385c7d4ca58e59fc732af25c3983b67ac852c1a25000afe1175de458b67ad"
dependencies = [
 "serde_derive",
]

[[package]]
name = "serde_derive"
version = "1.0.228"
source = "registry+https://github.com/rust-lang/crates.io-index"
checksum = "d540f220d3187173da220f885ab66608367b6574e925011a9353e4badda91d79"
dependencies = [
 "proc-macro2",
 "quote",
 "syn",
]

[[package]]
name = "serde_json"
version = "1.0.150"
source = "registry+https://github.com/rust-lang/crates.io-index"
checksum = "e8014e44b4736ed0538adeecded0fce2a272f22dc9578a7eb6b2d9993c74cfb9"
dependencies = [
 "itoa",
 "memchr",
 "serde",
 "serde_core",
 "zmij",
]

[[package]]
name = "sha2"
version = "0.10.9"
source = "registry+https://github.com/rust-lang/crates.io-index"
checksum = "a7507d819769d01a365ab707794a4084392c824f54a7a6a7862f8c3d0892b283"
dependencies = [
 "cfg-if",
 "cpufeatures",
 "digest",
]

[[package]]
name = "sha3"
version = "0.10.9"
source = "registry+https://github.com/rust-lang/crates.io-index"
checksum = "77fd7028345d415a4034cf8777cd4f8ab1851274233b45f84e3d955502d93874"
dependencies = [
 "digest",
 "keccak",
]

[[package]]
name = "shlex"
version = "2.0.1"
source = "registry+https://github.com/rust-lang/crates.io-index"
checksum = "f8fadd59c855ef2080decdef8ff161eb6661b86933c9d82e5ba29dc602a55aba"

[[package]]
name = "slab"
version = "0.4.12"
source = "registry+https://github.com/rust-lang/crates.io-index"
checksum = "0c790de23124f9ab44544d7ac05d60440adc586479ce501c1d6d7da3cd8c9cf5"

[[package]]
name = "smallvec"
version = "1.15.1"
source = "registry+https://github.com/rust-lang/crates.io-index"
checksum = "67b1b7a3b5fe4f1376887184045fcf45c69e92af734b7aaddc05fb777b6fbd03"

[[package]]
name = "spin"
version = "0.9.8"
source = "registry+https://github.com/rust-lang/crates.io-index"
checksum = "6980e8d7511241f8acf4aebddbb1ff938df5eebe98691418c4468d0b72a96a67"

[[package]]
name = "static_assertions"
version = "1.1.0"
source = "registry+https://github.com/rust-lang/crates.io-index"
checksum = "a2eb9349b6444b326872e140eb1cf5e7c522154d69e7a0ffb0fb81c06b37543f"

[[package]]
name = "string-interner"
version = "0.19.0"
source = "registry+https://github.com/rust-lang/crates.io-index"
checksum = "23de088478b31c349c9ba67816fa55d9355232d63c3afea8bf513e31f0f1d2c0"
dependencies = [
 "hashbrown 0.15.5",
 "serde",
]

[[package]]
name = "syn"
version = "2.0.117"
source = "registry+https://github.com/rust-lang/crates.io-index"
checksum = "e665b8803e7b1d2a727f4023456bbbbe74da67099c585258af0ad9c5013b9b99"
dependencies = [
 "proc-macro2",
 "quote",
 "unicode-ident",
]

[[package]]
name = "thiserror"
version = "2.0.18"
source = "registry+https://github.com/rust-lang/crates.io-index"
checksum = "4288b5bcbc7920c07a1149a35cf9590a2aa808e0bc1eafaade0b80947865fbc4"
dependencies = [
 "thiserror-impl",
]

[[package]]
name = "thiserror-impl"
version = "2.0.18"
source = "registry+https://github.com/rust-lang/crates.io-index"
checksum = "ebc4ee7f67670e9b64d05fa4253e753e016c6c95ff35b89b7941d6b856dec1d5"
dependencies = [
 "proc-macro2",
 "quote",
 "syn",
]

[[package]]
name = "twox-hash"
version = "1.6.3"
source = "registry+https://github.com/rust-lang/crates.io-index"
checksum = "97fee6b57c6a41524a810daee9286c02d7752c4253064d0b05472833a438f675"
dependencies = [
 "cfg-if",
 "static_assertions",
]

[[package]]
name = "typenum"
version = "1.20.1"
source = "registry+https://github.com/rust-lang/crates.io-index"
checksum = "b6f5e870be6c3b371b77fe0ee0bafb859fa4964b4404c27de1d380043c4dda20"

[[package]]
name = "unicode-ident"
version = "1.0.24"
source = "registry+https://github.com/rust-lang/crates.io-index"
checksum = "e6e4313cd5fcd3dad5cafa179702e2b244f760991f45397d14d4ebf38247da75"

[[package]]
name = "uor-addr"
version = "0.2.0"
source = "registry+https://github.com/rust-lang/crates.io-index"
checksum = "2b6e2d88d6ef066384c4eccbadc6dca625657493096b0776081dc106cd552eb6"
dependencies = [
 "ryu",
 "uor-foundation",
 "uor-foundation-sdk",
 "uor-prism",
]

[[package]]
name = "uor-foundation"
version = "0.5.2"
source = "registry+https://github.com/rust-lang/crates.io-index"
checksum = "0179d3c29eb68e52ed03f9b48136159d4d4d26bd6b8008da3a9864b43ed0492f"
dependencies = [
 "libm",
]

[[package]]
name = "uor-foundation-sdk"
version = "0.5.2"
source = "registry+https://github.com/rust-lang/crates.io-index"
checksum = "2c9ab22f2053e30eb0b748543182e236326a02c576aa46f1956ad4a3e4396490"
dependencies = [
 "proc-macro2",
 "quote",
 "syn",
]

[[package]]
name = "uor-prism"
version = "0.4.0"
source = "registry+https://github.com/rust-lang/crates.io-index"
checksum = "6d31f122d1466f5a48780fec22cdbef89dbd345e2b9aab8d8ebe89b5502fbb56"
dependencies = [
 "uor-foundation",
 "uor-foundation-sdk",
 "uor-prism-crypto",
 "uor-prism-fhe",
 "uor-prism-numerics",
 "uor-prism-tensor",
]

[[package]]
name = "uor-prism-crypto"
version = "0.4.0"
source = "registry+https://github.com/rust-lang/crates.io-index"
checksum = "b363e64319dab5e809cd2524c6f9ff97150cc01b56e6c197feb574482c682542"
dependencies = [
 "blake3",
 "sha2",
 "sha3",
 "uor-foundation",
 "uor-foundation-sdk",
]

[[package]]
name = "uor-prism-fhe"
version = "0.4.0"
source = "registry+https://github.com/rust-lang/crates.io-index"
checksum = "80bc3e193c5ca7a505d6db4937e30562d276ce6a90e9b0bb181815de64cd8ef2"
dependencies = [
 "uor-foundation",
 "uor-foundation-sdk",
]

[[package]]
name = "uor-prism-numerics"
version = "0.4.0"
source = "registry+https://github.com/rust-lang/crates.io-index"
checksum = "112180275b7f1b94f202f8894441bb7635fce583be291b91fc1be174435bdfa6"
dependencies = [
 "uor-foundation",
 "uor-foundation-sdk",
]

[[package]]
name = "uor-prism-tensor"
version = "0.4.0"
source = "registry+https://github.com/rust-lang/crates.io-index"
checksum = "b69a4f7b49a8acc21823ca567fb962124d3d6b5b2891e20f5308ac1602211601"
dependencies = [
 "uor-foundation",
 "uor-foundation-sdk",
 "uor-prism-numerics",
]

[[package]]
name = "version_check"
version = "0.9.5"
source = "registry+https://github.com/rust-lang/crates.io-index"
checksum = "0b928f33d975fc6ad9f86c8f283853ad26bdd5b10b7f1542aa2fa15e2289105a"

[[package]]
name = "wasm-bindgen"
version = "0.2.122"
source = "registry+https://github.com/rust-lang/crates.io-index"
checksum = "3ed04576f974d2b2fba0f38c51dbc5518011e38c36bf1143164be765528fd409"
dependencies = [
 "cfg-if",
 "once_cell",
 "rustversion",
 "wasm-bindgen-macro",
 "wasm-bindgen-shared",
]

[[package]]
name = "wasm-bindgen-futures"
version = "0.4.72"
source = "registry+https://github.com/rust-lang/crates.io-index"
checksum = "9473dbd2991ae90b6291c3c32c30c6187ac49aa32f9905d1cce280ec1e110b0f"
dependencies = [
 "js-sys",
 "wasm-bindgen",
]

[[package]]
name = "wasm-bindgen-macro"
version = "0.2.122"
source = "registry+https://github.com/rust-lang/crates.io-index"
checksum = "916151b09da36bd82f6615cbf3a419e2f0ba23a03c6160e8e92eb6bd4aa1dec6"
dependencies = [
 "quote",
 "wasm-bindgen-macro-support",
]

[[package]]
name = "wasm-bindgen-macro-support"
version = "0.2.122"
source = "registry+https://github.com/rust-lang/crates.io-index"
checksum = "299047362ccbfce148b67ab7e73349f77748e00c8296f9542adfad2ad82c5c5e"
dependencies = [
 "bumpalo",
 "proc-macro2",
 "quote",
 "syn",
 "wasm-bindgen-shared",
]

[[package]]
name = "wasm-bindgen-shared"
version = "0.2.122"
source = "registry+https://github.com/rust-lang/crates.io-index"
checksum = "9a929b2c61f11ba3e9bc35b50c1f25cb38e0e892c0c231ae2b8cf78d5dad4437"
dependencies = [
 "unicode-ident",
]

[[package]]
name = "wasmi"
version = "2.0.0-beta.2"
source = "registry+https://github.com/rust-lang/crates.io-index"
checksum = "45c55fe72d4967863199560df94b78b255cd5da14f82948c45635cb2f404796c"
dependencies = [
 "spin",
 "wasmi_collections",
 "wasmi_core",
 "wasmi_ir",
 "wasmparser 0.228.0",
]

[[package]]
name = "wasmi_collections"
version = "2.0.0-beta.2"
source = "registry+https://github.com/rust-lang/crates.io-index"
checksum = "481e5b8f8080e86546c85a29244886579af9dc59fd28fa1f6ce5cfa1cd734221"
dependencies = [
 "string-interner",
]

[[package]]
name = "wasmi_core"
version = "2.0.0-beta.2"
source = "registry+https://github.com/rust-lang/crates.io-index"
checksum = "15765bc7b07c3ca8fede7335623e8d8c156abe804979621cd28a5a7f560300eb"
dependencies = [
 "libm",
]

[[package]]
name = "wasmi_ir"
version = "2.0.0-beta.2"
source = "registry+https://github.com/rust-lang/crates.io-index"
checksum = "5eb152ed4c67d8fb478464d62328c9daa7185b343039bdc44d4139beb5396f09"
dependencies = [
 "wasmi_core",
]

[[package]]
name = "wasmparser"
version = "0.221.3"
source = "registry+https://github.com/rust-lang/crates.io-index"
checksum = "d06bfa36ab3ac2be0dee563380147a5b81ba10dd8885d7fbbc9eb574be67d185"
dependencies = [
 "bitflags",
 "hashbrown 0.15.5",
 "indexmap",
 "semver",
 "serde",
]

[[package]]
name = "wasmparser"
version = "0.228.0"
source = "registry+https://github.com/rust-lang/crates.io-index"
checksum = "4abf1132c1fdf747d56bbc1bb52152400c70f336870f968b85e89ea422198ae3"
dependencies = [
 "bitflags",
 "indexmap",
]

[[package]]
name = "web-sys"
version = "0.3.99"
source = "registry+https://github.com/rust-lang/crates.io-index"
checksum = "6d621441cfc37b84979402712047321980c178f299193a3589d05b99e8763436"
dependencies = [
 "js-sys",
 "wasm-bindgen",
]

[[package]]
name = "zmij"
version = "1.0.21"
source = "registry+https://github.com/rust-lang/crates.io-index"
checksum = "b8848ee67ecc8aedbaf3e4122217aff892639231befc6a1b58d29fff4c2cabaa"
